lockfileVersion: '9.0'

settings:
  autoInstallPeers: true
  excludeLinksFromLockfile: false

importers:

  .:
    dependencies:
      '@mysten/bcs':
        specifier: ^1.7.0
        version: 1.7.0

packages:

  '@mysten/bcs@1.7.0':
    resolution: {integrity: sha512-8zE2Jzj2ai55RlVXx2pEMbbq+X3vB+uPGBvZr0F79IdTwuwcu4QdFG3PT/zHsytsvATkn+z0f2YDWhM5916u2A==}

  '@mysten/utils@0.1.1':
    resolution: {integrity: sha512-jvhJC6/2la1QHltukQXzfyTZ+VVHxe187JjPx+mEXRUWyAo6jCSdioOQJIfaGu4K4i+37KeiydXRwV/bq/7UJQ==}

  '@scure/base@1.2.6':
    resolution: {integrity: sha512-g/nm5FgUa//MCj1gV09zTJTaM6KBAHqLN907YVQqf7zC49+DcO4B1so4ZX07Ef10Twr6nuqYEH9GEggFXA4Fmg==}

snapshots:

  '@mysten/bcs@1.7.0':
    dependencies:
      '@mysten/utils': 0.1.1
      '@scure/base': 1.2.6

  '@mysten/utils@0.1.1':
    dependencies:
      '@scure/base': 1.2.6

  '@scure/base@1.2.6': {}
